
Microsoft Visual Studio Solution File, Format Version 12.00
# Visual Studio 15
VisualStudioVersion = 15.0.28010.2046
MinimumVisualStudioVersion = 10.0.40219.1
Project("{FAE04EC0-301F-11D3-BF4B-00C04F79EFBC}") = "SoluctionProject", "SoluctionProject\SoluctionProject.csproj", "{36A5F472-B353-4A55-8141-064ABF99B963}"
EndProject
Project("{FAE04EC0-301F-11D3-BF4B-00C04F79EFBC}") = "DAL", "DAL\DAL.csproj", "{D4838553-85B1-4A18-8EE7-A1662D9C89D9}"
EndProject
Project("{FAE04EC0-301F-11D3-BF4B-00C04F79EFBC}") = "UI", "UI\UI.csproj", "{2C57EB0C-D454-4022-A706-E0B5A1A64787}"
EndProject
Global
	GlobalSection(SolutionConfigurationPlatforms) = preSolution
		Debug|Any CPU = Debug|Any CPU
		Release|Any CPU = Release|Any CPU
	EndGlobalSection
	GlobalSection(ProjectConfigurationPlatforms) = postSolution
		{36A5F472-B353-4A55-8141-064ABF99B963}.Debug|Any CPU.ActiveCfg = Debug|Any CPU
		{36A5F472-B353-4A55-8141-064ABF99B963}.Debug|Any CPU.Build.0 = Debug|Any CPU
		{36A5F472-B353-4A55-8141-064ABF99B963}.Release|Any CPU.ActiveCfg = Release|Any CPU
		{36A5F472-B353-4A55-8141-064ABF99B963}.Release|Any CPU.Build.0 = Release|Any CPU
		{D4838553-85B1-4A18-8EE7-A1662D9C89D9}.Debug|Any CPU.ActiveCfg = Debug|Any CPU
		{D4838553-85B1-4A18-8EE7-A1662D9C89D9}.Debug|Any CPU.Build.0 = Debug|Any CPU
		{D4838553-85B1-4A18-8EE7-A1662D9C89D9}.Release|Any CPU.ActiveCfg = Release|Any CPU
		{D4838553-85B1-4A18-8EE7-A1662D9C89D9}.Release|Any CPU.Build.0 = Release|Any CPU
		{2C57EB0C-D454-4022-A706-E0B5A1A64787}.Debug|Any CPU.ActiveCfg = Debug|Any CPU
		{2C57EB0C-D454-4022-A706-E0B5A1A64787}.Debug|Any CPU.Build.0 = Debug|Any CPU
		{2C57EB0C-D454-4022-A706-E0B5A1A64787}.Release|Any CPU.ActiveCfg = Release|Any CPU
		{2C57EB0C-D454-4022-A706-E0B5A1A64787}.Release|Any CPU.Build.0 = Release|Any CPU
	EndGlobalSection
	GlobalSection(SolutionProperties) = preSolution
		HideSolutionNode = FALSE
	EndGlobalSection
	GlobalSection(ExtensibilityGlobals) = postSolution
		SolutionGuid = {C16F3348-8600-4A3B-8380-2331CE882824}
	EndGlobalSection
EndGlobal
